// !$*UTF8*$!
{
	archiveVersion = 1;
	classes = {
	};
	objectVersion = 46;
	objects = {

/* Begin PBXBuildFile section */
		1CE7C6161C8F8C220003A63D /* main.m in Sources */ = {isa = PBXBuildFile; fileRef = 1CE7C6151C8F8C220003A63D /* main.m */; };
		1CE7C6191C8F8C220003A63D /* AppDelegate.m in Sources */ = {isa = PBXBuildFile; fileRef = 1CE7C6181C8F8C220003A63D /* AppDelegate.m */; };
		1CE7C61C1C8F8C220003A63D /* ViewController.m in Sources */ = {isa = PBXBuildFile; fileRef = 1CE7C61B1C8F8C220003A63D /* ViewController.m */; };
		1CE7C61F1C8F8C220003A63D /* Main.storyboard in Resources */ = {isa = PBXBuildFile; fileRef = 1CE7C61D1C8F8C220003A63D /* Main.storyboard */; };
		1CE7C6211C8F8C220003A63D /* Assets.xcassets in Resources */ = {isa = PBXBuildFile; fileRef = 1CE7C6201C8F8C220003A63D /* Assets.xcassets */; };
		1CE7C6241C8F8C220003A63D /* LaunchScreen.storyboard in Resources */ = {isa = PBXBuildFile; fileRef = 1CE7C6221C8F8C220003A63D /* LaunchScreen.storyboard */; };
		1CE7C62E1C8FA86E0003A63D /* ImageFilterHelper.m in Sources */ = {isa = PBXBuildFile; fileRef = 1CE7C62D1C8FA86E0003A63D /* ImageFilterHelper.m */; };
		1CE7C6301C8FAACA0003A63D /* CoreImage.framework in Frameworks */ = {isa = PBXBuildFile; fileRef = 1CE7C62F1C8FAACA0003A63D /* CoreImage.framework */; };
/* End PBXBuildFile section */

/* Begin PBXFileReference section */
		1CE7C6111C8F8C220003A63D /* comic-books.app */ = {isa = PBXFileReference; explicitFileType = wrapper.application; includeInIndex = 0; path = "comic-books.app"; sourceTree = BUILT_PRODUCTS_DIR; };
		1CE7C6151C8F8C220003A63D /* main.m */ = {isa = PBXFileReference; lastKnownFileType = sourcecode.c.objc; path = main.m; sourceTree = "<group>"; };
		1CE7C6171C8F8C220003A63D /* AppDelegate.h */ = {isa = PBXFileReference; lastKnownFileType = sourcecode.c.h; path = AppDelegate.h; sourceTree = "<group>"; };
		1CE7C6181C8F8C220003A63D /* AppDelegate.m */ = {isa = PBXFileReference; lastKnownFileType = sourcecode.c.objc; path = AppDelegate.m; sourceTree = "<group>"; };
		1CE7C61A1C8F8C220003A63D /* ViewController.h */ = {isa = PBXFileReference; lastKnownFileType = sourcecode.c.h; path = ViewController.h; sourceTree = "<group>"; };
		1CE7C61B1C8F8C220003A63D /* ViewController.m */ = {isa = PBXFileReference; lastKnownFileType = sourcecode.c.objc; path = ViewController.m; sourceTree = "<group>"; };
		1CE7C61E1C8F8C220003A63D /* Base */ = {isa = PBXFileReference; lastKnownFileType = file.storyboard; name = Base; path = Base.lproj/Main.storyboard; sourceTree = "<group>"; };
		1CE7C6201C8F8C220003A63D /* Assets.xcassets */ = {isa = PBXFileReference; lastKnownFileType = folder.assetcatalog; path = Assets.xcassets; sourceTree = "<group>"; };
		1CE7C6231C8F8C220003A63D /* Base */ = {isa = PBXFileReference; lastKnownFileType = file.storyboard; name = Base; path = Base.lproj/LaunchScreen.storyboard; sourceTree = "<group>"; };
		1CE7C6251C8F8C220003A63D /* Info.plist */ = {isa = PBXFileReference; lastKnownFileType = text.plist.xml; path = Info.plist; sourceTree = "<group>"; };
		1CE7C62C1C8FA86E0003A63D /* ImageFilterHelper.h */ = {isa = PBXFileReference; fileEncoding = 4; lastKnownFileType = sourcecode.c.h; name = ImageFilterHelper.h; path = Utilities/ImageFilterHelper.h; sourceTree = "<group>"; };
		1CE7C62D1C8FA86E0003A63D /* ImageFilterHelper.m */ = {isa = PBXFileReference; fileEncoding = 4; lastKnownFileType = sourcecode.c.objc; name = ImageFilterHelper.m; path = Utilities/ImageFilterHelper.m; sourceTree = "<group>"; };
		1CE7C62F1C8FAACA0003A63D /* CoreImage.framework */ = {isa = PBXFileReference; lastKnownFileType = wrapper.framework; name = CoreImage.framework; path = System/Library/Frameworks/CoreImage.framework; sourceTree = SDKROOT; };
/* End PBXFileReference section */

/* Begin PBXFrameworksBuildPhase section */
		1CE7C60E1C8F8C220003A63D /* Frameworks */ = {
			isa = PBXFrameworksBuildPhase;
			buildActionMask = 2147483647;
			files = (
				1CE7C6301C8FAACA0003A63D /* CoreImage.framework in Frameworks */,
			);
			runOnlyForDeploymentPostprocessing = 0;
		};
/* End PBXFrameworksBuildPhase section */

/* Begin PBXGroup section */
		1CE7C6081C8F8C220003A63D = {
			isa = PBXGroup;
			children = (
				1CE7C62F1C8FAACA0003A63D /* CoreImage.framework */,
				1CE7C6131C8F8C220003A63D /* comic-books */,
				1CE7C6121C8F8C220003A63D /* Products */,
			);
			sourceTree = "<group>";
		};
		1CE7C6121C8F8C220003A63D /* Products */ = {
			isa = PBXGroup;
			children = (
				1CE7C6111C8F8C220003A63D /* comic-books.app */,
			);
			name = Products;
			sourceTree = "<group>";
		};
		1CE7C6131C8F8C220003A63D /* comic-books */ = {
			isa = PBXGroup;
			children = (
				1CE7C62B1C8FA7AF0003A63D /* Utilities */,
				1CE7C6171C8F8C220003A63D /* AppDelegate.h */,
				1CE7C6181C8F8C220003A63D /* AppDelegate.m */,
				1CE7C61A1C8F8C220003A63D /* ViewController.h */,
				1CE7C61B1C8F8C220003A63D /* ViewController.m */,
				1CE7C61D1C8F8C220003A63D /* Main.storyboard */,
				1CE7C6201C8F8C220003A63D /* Assets.xcassets */,
				1CE7C6221C8F8C220003A63D /* LaunchScreen.storyboard */,
				1CE7C6251C8F8C220003A63D /* Info.plist */,
				1CE7C6141C8F8C220003A63D /* Supporting Files */,
			);
			path = "comic-books";
			sourceTree = "<group>";
		};
		1CE7C6141C8F8C220003A63D /* Supporting Files */ = {
			isa = PBXGroup;
			children = (
				1CE7C6151C8F8C220003A63D /* main.m */,
			);
			name = "Supporting Files";
			sourceTree = "<group>";
		};
		1CE7C62B1C8FA7AF0003A63D /* Utilities */ = {
			isa = PBXGroup;
			children = (
				1CE7C62C1C8FA86E0003A63D /* ImageFilterHelper.h */,
				1CE7C62D1C8FA86E0003A63D /* ImageFilterHelper.m */,
			);
			name = Utilities;
			sourceTree = "<group>";
		};
/* End PBXGroup section */

/* Begin PBXNativeTarget section */
		1CE7C6101C8F8C220003A63D /* comic-books */ = {
			isa = PBXNativeTarget;
			buildConfigurationList = 1CE7C6281C8F8C220003A63D /* Build configuration list for PBXNativeTarget "comic-books" */;
			buildPhases = (
				1CE7C60D1C8F8C220003A63D /* Sources */,
				1CE7C60E1C8F8C220003A63D /* Frameworks */,
				1CE7C60F1C8F8C220003A63D /* Resources */,
			);
			buildRules = (
			);
			dependencies = (
			);
			name = "comic-books";
			productName = "comic-books";
			productReference = 1CE7C6111C8F8C220003A63D /* comic-books.app */;
			productType = "com.apple.product-type.application";
		};
/* End PBXNativeTarget section */

/* Begin PBXProject section */
		1CE7C6091C8F8C220003A63D /* Project object */ = {
			isa = PBXProject;
			attributes = {
				LastUpgradeCheck = 0720;
				ORGANIZATIONNAME = "Ideia do Luiz";
				TargetAttributes = {
					1CE7C6101C8F8C220003A63D = {
						CreatedOnToolsVersion = 7.2.1;
					};
				};
			};
			buildConfigurationList = 1CE7C60C1C8F8C220003A63D /* Build configuration list for PBXProject "comic-books" */;
			compatibilityVersion = "Xcode 3.2";
			developmentRegion = English;
			hasScannedForEncodings = 0;
			knownRegions = (
				en,
				Base,
			);
			mainGroup = 1CE7C6081C8F8C220003A63D;
			productRefGroup = 1CE7C6121C8F8C220003A63D /* Products */;
			projectDirPath = "";
			projectRoot = "";
			targets = (
				1CE7C6101C8F8C220003A63D /* comic-books */,
			);
		};
/* End PBXProject section */

/* Begin PBXResourcesBuildPhase section */
		1CE7C60F1C8F8C220003A63D /* Resources */ = {
			isa = PBXResourcesBuildPhase;
			buildActionMask = 2147483647;
			files = (
				1CE7C6241C8F8C220003A63D /* LaunchScreen.storyboard in Resources */,
				1CE7C6211C8F8C220003A63D /* Assets.xcassets in Resources */,
				1CE7C61F1C8F8C220003A63D /* Main.storyboard in Resources */,
			);
			runOnlyForDeploymentPostprocessing = 0;
		};
/* End PBXResourcesBuildPhase section */

/* Begin PBXSourcesBuildPhase section */
		1CE7C60D1C8F8C220003A63D /* Sources */ = {
			isa = PBXSourcesBuildPhase;
			buildActionMask = 2147483647;
			files = (
				1CE7C61C1C8F8C220003A63D /* ViewController.m in Sources */,
				1CE7C6191C8F8C220003A63D /* AppDelegate.m in Sources */,
				1CE7C6161C8F8C220003A63D /* main.m in Sources */,
				1CE7C62E1C8FA86E0003A63D /* ImageFilterHelper.m in Sources */,
			);
			runOnlyForDeploymentPostprocessing = 0;
		};
/* End PBXSourcesBuildPhase section */

/* Begin PBXVariantGroup section */
		1CE7C61D1C8F8C220003A63D /* Main.storyboard */ = {
			isa = PBXVariantGroup;
			children = (
				1CE7C61E1C8F8C220003A63D /* Base */,
			);
			name = Main.storyboard;
			sourceTree = "<group>";
		};
		1CE7C6221C8F8C220003A63D /* LaunchScreen.storyboard */ = {
			isa = PBXVariantGroup;
			children = (
				1CE7C6231C8F8C220003A63D /* Base */,
			);
			name = LaunchScreen.storyboard;
			sourceTree = "<group>";
		};
/* End PBXVariantGroup section */

/* Begin XCBuildConfiguration section */
		1CE7C6261C8F8C220003A63D /* Debug */ = {
			isa = XCBuildConfiguration;
			buildSettings = {
				ALWAYS_SEARCH_USER_PATHS = NO;
				CLANG_CXX_LANGUAGE_STANDARD = "gnu++0x";
				CLANG_CXX_LIBRARY = "libc++";
				CLANG_ENABLE_MODULES = YES;
				CLANG_ENABLE_OBJC_ARC = YES;
				CLANG_WARN_BOOL_CONVERSION = YES;
				CLANG_WARN_CONSTANT_CONVERSION = YES;
				CLANG_WARN_DIRECT_OBJC_ISA_USAGE = YES_ERROR;
				CLANG_WARN_EMPTY_BODY = YES;
				CLANG_WARN_ENUM_CONVERSION = YES;
				CLANG_WARN_INT_CONVERSION = YES;
				CLANG_WARN_OBJC_ROOT_CLASS = YES_ERROR;
				CLANG_WARN_UNREACHABLE_CODE = YES;
				CLANG_WARN__DUPLICATE_METHOD_MATCH = YES;
				"CODE_SIGN_IDENTITY[sdk=iphoneos*]" = "iPhone Developer";
				COPY_PHASE_STRIP = NO;
				DEBUG_INFORMATION_FORMAT = dwarf;
				ENABLE_STRICT_OBJC_MSGSEND = YES;
				ENABLE_TESTABILITY = YES;
				GCC_C_LANGUAGE_STANDARD = gnu99;
				GCC_DYNAMIC_NO_PIC = NO;
				GCC_NO_COMMON_BLOCKS = YES;
				GCC_OPTIMIZATION_LEVEL = 0;
				GCC_PREPROCESSOR_DEFINITIONS = (
					"DEBUG=1",
					"$(inherited)",
				);
				GCC_WARN_64_TO_32_BIT_CONVERSION = YES;
				GCC_WARN_ABOUT_RETURN_TYPE = YES_ERROR;
				GCC_WARN_UNDECLARED_SELECTOR = YES;
				GCC_WARN_UNINITIALIZED_AUTOS = YES_AGGRESSIVE;
				GCC_WARN_UNUSED_FUNCTION = YES;
				GCC_WARN_UNUSED_VARIABLE = YES;
				IPHONEOS_DEPLOYMENT_TARGET = 9.2;
				MTL_ENABLE_DEBUG_INFO = YES;
				ONLY_ACTIVE_ARCH = YES;
				SDKROOT = iphoneos;
				TARGETED_DEVICE_FAMILY = "1,2";
			};
			name = Debug;
		};
		1CE7C6271C8F8C220003A63D /* Release */ = {
			isa = XCBuildConfiguration;
			buildSettings = {
				ALWAYS_SEARCH_USER_PATHS = NO;
				CLANG_CXX_LANGUAGE_STANDARD = "gnu++0x";
				CLANG_CXX_LIBRARY = "libc++";
				CLANG_ENABLE_MODULES = YES;
				CLANG_ENABLE_OBJC_ARC = YES;
				CLANG_WARN_BOOL_CONVERSION = YES;
				CLANG_WARN_CONSTANT_CONVERSION = YES;
				CLANG_WARN_DIRECT_OBJC_ISA_USAGE = YES_ERROR;
				CLANG_WARN_EMPTY_BODY = YES;
				CLANG_WARN_ENUM_CONVERSION = YES;
				CLANG_WARN_INT_CONVERSION = YES;
				CLANG_WARN_OBJC_ROOT_CLASS = YES_ERROR;
				CLANG_WARN_UNREACHABLE_CODE = YES;
				CLANG_WARN__DUPLICATE_METHOD_MATCH = YES;
				"CODE_SIGN_IDENTITY[sdk=iphoneos*]" = "iPhone Developer";
				COPY_PHASE_STRIP = NO;
				DEBUG_INFORMATION_FORMAT = "dwarf-with-dsym";
				ENABLE_NS_ASSERTIONS = NO;
				ENABLE_STRICT_OBJC_MSGSEND = YES;
				GCC_C_LANGUAGE_STANDARD = gnu99;
				GCC_NO_COMMON_BLOCKS = YES;
				GCC_WARN_64_TO_32_BIT_CONVERSION = YES;
				GCC_WARN_ABOUT_RETURN_TYPE = YES_ERROR;
				GCC_WARN_UNDECLARED_SELECTOR = YES;
				GCC_WARN_UNINITIALIZED_AUTOS = YES_AGGRESSIVE;
				GCC_WARN_UNUSED_FUNCTION = YES;
				GCC_WARN_UNUSED_VARIABLE = YES;
				IPHONEOS_DEPLOYMENT_TARGET = 9.2;
				MTL_ENABLE_DEBUG_INFO = NO;
				SDKROOT = iphoneos;
				TARGETED_DEVICE_FAMILY = "1,2";
				VALIDATE_PRODUCT = YES;
			};
			name = Release;
		};
		1CE7C6291C8F8C220003A63D /* Debug */ = {
			isa = XCBuildConfiguration;
			buildSettings = {
				ASSETCATALOG_COMPILER_APPICON_NAME = AppIcon;
				INFOPLIST_FILE = "comic-books/Info.plist";
				LD_RUNPATH_SEARCH_PATHS = "$(inherited) @executable_path/Frameworks";
				PRODUCT_BUNDLE_IDENTIFIER = "com.ideiadoluiz.comic-books";
				PRODUCT_NAME = "$(TARGET_NAME)";
			};
			name = Debug;
		};
		1CE7C62A1C8F8C220003A63D /* Release */ = {
			isa = XCBuildConfiguration;
			buildSettings = {
				ASSETCATALOG_COMPILER_APPICON_NAME = AppIcon;
				INFOPLIST_FILE = "comic-books/Info.plist";
				LD_RUNPATH_SEARCH_PATHS = "$(inherited) @executable_path/Frameworks";
				PRODUCT_BUNDLE_IDENTIFIER = "com.ideiadoluiz.comic-books";
				PRODUCT_NAME = "$(TARGET_NAME)";
			};
			name = Release;
		};
/* End XCBuildConfiguration section */

/* Begin XCConfigurationList section */
		1CE7C60C1C8F8C220003A63D /* Build configuration list for PBXProject "comic-books" */ = {
			isa = XCConfigurationList;
			buildConfigurations = (
				1CE7C6261C8F8C220003A63D /* Debug */,
				1CE7C6271C8F8C220003A63D /* Release */,
			);
			defaultConfigurationIsVisible = 0;
			defaultConfigurationName = Release;
		};
		1CE7C6281C8F8C220003A63D /* Build configuration list for PBXNativeTarget "comic-books" */ = {
			isa = XCConfigurationList;
			buildConfigurations = (
				1CE7C6291C8F8C220003A63D /* Debug */,
				1CE7C62A1C8F8C220003A63D /* Release */,
			);
			defaultConfigurationIsVisible = 0;
		};
/* End XCConfigurationList section */
	};
	rootObject = 1CE7C6091C8F8C220003A63D /* Project object */;
}
